
Microsoft Visual Studio Solution File, Format Version 12.00
# Visual Studio Version 17
VisualStudioVersion = 17.4.33213.308
MinimumVisualStudioVersion = 10.0.40219.1
Project("{2150E333-8FDC-42A3-9474-1A3956D46DE8}") = "Utility", "Utility", "{0C752232-B87F-4F71-8C48-30B3D7A76863}"
EndProject
Project("{9A19103F-16F7-4668-BE54-9A1E7A4F7556}") = "Shared", "Utility\Shared\Shared.csproj", "{8077EFFE-DB9A-40DB-A936-74FC6BF9E44C}"
EndProject
Project("{2150E333-8FDC-42A3-9474-1A3956D46DE8}") = "Blogs", "Blogs", "{4CF39233-BEA0-4BFD-870D-698E5D3B248D}"
EndProject
Project("{9A19103F-16F7-4668-BE54-9A1E7A4F7556}") = "Blogs.Application.Contract", "Blogs\Blogs.Application.Contract\Blogs.Application.Contract.csproj", "{6B42607A-453E-45A4-8C00-CB9823E1001B}"
EndProject
Project("{9A19103F-16F7-4668-BE54-9A1E7A4F7556}") = "Blogs.Domain", "Blogs\Blogs.Domain\Blogs.Domain.csproj", "{4B4C5099-08B0-41CD-A9A4-3AD2969825B8}"
EndProject
Project("{9A19103F-16F7-4668-BE54-9A1E7A4F7556}") = "Blogs.Application", "Blogs\Blogs.Application\Blogs.Application.csproj", "{CDA55051-0B7C-4610-BCD0-F67EBA1D6B50}"
EndProject
Project("{9A19103F-16F7-4668-BE54-9A1E7A4F7556}") = "Blogs.Infrastructure", "Blogs\Blogs.Infrastructure\Blogs.Infrastructure.csproj", "{3A2EE38A-B8CB-424C-BECA-CB93729F1702}"
EndProject
Project("{9A19103F-16F7-4668-BE54-9A1E7A4F7556}") = "Blogs.Query", "Blogs\Blogs.Query\Blogs.Query.csproj", "{2E46AB84-9E78-4357-BCFD-46CD9B34F2EB}"
EndProject
Project("{9A19103F-16F7-4668-BE54-9A1E7A4F7556}") = "ShopBoloor.WebApplication", "ShopBoloor.WebApplication\ShopBoloor.WebApplication.csproj", "{A73C1967-2A5F-4445-8160-494B57EFAF10}"
EndProject
Project("{2150E333-8FDC-42A3-9474-1A3956D46DE8}") = "Users", "Users", "{31634BDD-17BE-4325-BC0A-1BA39EC60E7C}"
EndProject
Project("{9A19103F-16F7-4668-BE54-9A1E7A4F7556}") = "Users.Application.Contract", "Users\Users.Application.Contract\Users.Application.Contract.csproj", "{75B791EC-1416-4E36-8624-442BC4210DFE}"
EndProject
Project("{9A19103F-16F7-4668-BE54-9A1E7A4F7556}") = "Users.Domain", "Users\Users.Domain\Users.Domain.csproj", "{1617E0AC-56FB-4F7E-9F3F-36ABE4C61181}"
EndProject
Project("{9A19103F-16F7-4668-BE54-9A1E7A4F7556}") = "Users.Application", "Users\Users.Application\Users.Application.csproj", "{E095277F-EA21-49B5-9B91-82F7837424BA}"
EndProject
Project("{9A19103F-16F7-4668-BE54-9A1E7A4F7556}") = "Users.Infrastructure", "Users\Users.Infrastructure\Users.Infrastructure.csproj", "{62C9CB51-571C-452D-B348-C69C52B048DF}"
EndProject
Project("{9A19103F-16F7-4668-BE54-9A1E7A4F7556}") = "Users.Query", "Users\Users.Query\Users.Query.csproj", "{F79B049F-8103-49DE-9715-C93106D00194}"
EndProject
Project("{2150E333-8FDC-42A3-9474-1A3956D46DE8}") = "Comments", "Comments", "{D27996B9-60C5-4DD3-9A43-9E9CE2234215}"
EndProject
Project("{9A19103F-16F7-4668-BE54-9A1E7A4F7556}") = "Comments.Application.Contract", "Comments\Comments.Application.Contract\Comments.Application.Contract.csproj", "{EDFAFD85-4430-4B83-9EF4-76663387936C}"
EndProject
Project("{9A19103F-16F7-4668-BE54-9A1E7A4F7556}") = "Comments.Domain", "Comments\Comments.Domain\Comments.Domain.csproj", "{0E14D0C8-95BF-4C49-8B8C-543684AA9D7E}"
EndProject
Project("{9A19103F-16F7-4668-BE54-9A1E7A4F7556}") = "Comments.Application", "Comments\Comments.Application\Comments.Application.csproj", "{A065CD1D-CE8A-424C-9EC5-359F4931A01D}"
EndProject
Project("{9A19103F-16F7-4668-BE54-9A1E7A4F7556}") = "Comments.Infrastructure", "Comments\Comments.Infrastructure\Comments.Infrastructure.csproj", "{83EAC5F6-0A2D-482F-B23D-49B374485705}"
EndProject
Project("{9A19103F-16F7-4668-BE54-9A1E7A4F7556}") = "Comments.Query", "Comments\Comments.Query\Comments.Query.csproj", "{8976543D-6296-46F7-AB07-789DD5BD7C28}"
EndProject
Project("{2150E333-8FDC-42A3-9474-1A3956D46DE8}") = "Site", "Site", "{22A0426C-231E-4D49-9A10-CD86D39816C0}"
EndProject
Project("{9A19103F-16F7-4668-BE54-9A1E7A4F7556}") = "Site.Application.Contract", "Site\Site.Application.Contract\Site.Application.Contract.csproj", "{B7CCF052-59A4-4B7F-848C-3E69BBB67953}"
EndProject
Project("{9A19103F-16F7-4668-BE54-9A1E7A4F7556}") = "Site.Domain", "Site\Site.Domain\Site.Domain.csproj", "{E9A972B3-28CD-41EB-865B-CD7590C03455}"
EndProject
Project("{9A19103F-16F7-4668-BE54-9A1E7A4F7556}") = "Site.Application", "Site\Site.Application\Site.Application.csproj", "{042E59A6-9DBC-43A0-BEF2-09BFE31E7B1C}"
EndProject
Project("{9A19103F-16F7-4668-BE54-9A1E7A4F7556}") = "Site.Infrastructure", "Site\Site.Infrastructure\Site.Infrastructure.csproj", "{9B3BA1A6-F80B-4DFE-AA17-F4A8E21FA3D5}"
EndProject
Project("{9A19103F-16F7-4668-BE54-9A1E7A4F7556}") = "Site.Query", "Site\Site.Query\Site.Query.csproj", "{FC353A93-05C1-4C6D-9E8E-855E4FC51794}"
EndProject
Project("{2150E333-8FDC-42A3-9474-1A3956D46DE8}") = "Emails", "Emails", "{EE152FF9-3040-42CF-969E-C65D2888ADA9}"
EndProject
Project("{9A19103F-16F7-4668-BE54-9A1E7A4F7556}") = "Emails.Application.Contract", "Emails\Emails.Application.Contract\Emails.Application.Contract.csproj", "{67FDBB8B-2C24-40E9-B00E-D2AA52CBD2E0}"
EndProject
Project("{9A19103F-16F7-4668-BE54-9A1E7A4F7556}") = "Emails.Domain", "Emails\Emails.Domain\Emails.Domain.csproj", "{F12FDC66-5F75-4328-B678-C56370E8A07B}"
EndProject
Project("{9A19103F-16F7-4668-BE54-9A1E7A4F7556}") = "Emails.Application", "Emails\Emails.Application\Emails.Application.csproj", "{771A06CE-6EA0-4D0E-879D-1B2241DE2802}"
EndProject
Project("{9A19103F-16F7-4668-BE54-9A1E7A4F7556}") = "Emails.Infrastructure", "Emails\Emails.Infrastructure\Emails.Infrastructure.csproj", "{924B2788-49F0-4B48-9254-A02D3666C59B}"
EndProject
Project("{9A19103F-16F7-4668-BE54-9A1E7A4F7556}") = "Emails.Query", "Emails\Emails.Query\Emails.Query.csproj", "{E639DB0A-4285-4A2B-9696-27CF7DC27ADE}"
EndProject
Project("{2150E333-8FDC-42A3-9474-1A3956D46DE8}") = "Seos", "Seos", "{C623E591-672E-4DC9-8D68-1E0E378BEEDD}"
EndProject
Project("{9A19103F-16F7-4668-BE54-9A1E7A4F7556}") = "Seos.Application.Contract", "Seos\Seos.Application.Contract\Seos.Application.Contract.csproj", "{0B516745-F04F-4CAB-9529-CAC32470DB52}"
EndProject
Project("{9A19103F-16F7-4668-BE54-9A1E7A4F7556}") = "Seos.Domain", "Seos\Seos.Domain\Seos.Domain.csproj", "{7C3FCD7D-CF67-4E18-9EE7-9F677308B3E4}"
EndProject
Project("{9A19103F-16F7-4668-BE54-9A1E7A4F7556}") = "Seos.Application", "Seos\Seos.Application\Seos.Application.csproj", "{071AC081-0FC0-42B8-AEC4-05622F05064E}"
EndProject
Project("{9A19103F-16F7-4668-BE54-9A1E7A4F7556}") = "Seos.Infrastructure", "Seos\Seos.Infrastructure\Seos.Infrastructure.csproj", "{3B8A382A-4897-4164-AAFC-0D559FBFB9BB}"
EndProject
Project("{9A19103F-16F7-4668-BE54-9A1E7A4F7556}") = "Seos.Query", "Seos\Seos.Query\Seos.Query.csproj", "{94DDA736-641B-4BB9-9E44-E0FDB0E57C24}"
EndProject
Project("{2150E333-8FDC-42A3-9474-1A3956D46DE8}") = "PostModule", "PostModule", "{E5B4C457-9B89-4D16-A894-55691107F6D8}"
EndProject
Project("{9A19103F-16F7-4668-BE54-9A1E7A4F7556}") = "PostModule.Application.Contract", "PostModule\PostModule.Application.Contract\PostModule.Application.Contract.csproj", "{E255F8B4-FAB2-4399-868D-CD27E4A63488}"
EndProject
Project("{9A19103F-16F7-4668-BE54-9A1E7A4F7556}") = "PostModule.Domain", "PostModule\PostModule.Domain\PostModule.Domain.csproj", "{6724BBA9-849D-45E8-BEE5-DE5933E8D849}"
EndProject
Project("{9A19103F-16F7-4668-BE54-9A1E7A4F7556}") = "PostModule.Application.Services", "PostModule\PostModule.Application.Services\PostModule.Application.Services.csproj", "{3FABB6A6-56F5-4675-9201-8FC1B4A022B3}"
EndProject
Project("{9A19103F-16F7-4668-BE54-9A1E7A4F7556}") = "PostModule.Infrastracture.EF", "PostModule\PostModule.Infrastracture.EF\PostModule.Infrastracture.EF.csproj", "{F7A180CC-7F9A-4D9A-BFE3-B90AE7F15EEC}"
EndProject
Project("{9A19103F-16F7-4668-BE54-9A1E7A4F7556}") = "PostModule.Query", "PostModule\PostModule.Query\PostModule.Query.csproj", "{DC4A0709-3660-496A-9861-28A38B14D46F}"
EndProject
Project("{2150E333-8FDC-42A3-9474-1A3956D46DE8}") = "Query", "Query", "{05AAD25C-908F-41B9-B955-F11E5CCA4070}"
EndProject
Project("{9A19103F-16F7-4668-BE54-9A1E7A4F7556}") = "Query.Contract", "Query\Query.Contract\Query.Contract.csproj", "{F2ADAC78-0437-4F38-8DD1-B7F058540470}"
EndProject
Project("{9A19103F-16F7-4668-BE54-9A1E7A4F7556}") = "Query.Services", "Query\Query.Services\Query.Services.csproj", "{C6B08E45-9FE0-4C43-88D3-F20DAB68517C}"
EndProject
Project("{9A19103F-16F7-4668-BE54-9A1E7A4F7556}") = "WebApplication.Test", "WebApplication.Test\WebApplication.Test.csproj", "{73A19875-A502-46BC-9570-BDD80C381D6A}"
EndProject
Project("{2150E333-8FDC-42A3-9474-1A3956D46DE8}") = "Transactions", "Transactions", "{A3B05B33-35AC-48F6-B367-8B399929D22A}"
EndProject
Project("{FAE04EC0-301F-11D3-BF4B-00C04F79EFBC}") = "Transactions.Domain", "Transactions\Transactions.Domain\Transactions.Domain.csproj", "{4831E453-A59C-454A-ADCA-1BB3D011F122}"
EndProject
Project("{FAE04EC0-301F-11D3-BF4B-00C04F79EFBC}") = "Transactions.Application.Contract", "Transactions\Transactions.Application.Contract\Transactions.Application.Contract.csproj", "{EC530E45-DA62-4606-9FFE-7CBD88FF68CB}"
EndProject
Project("{FAE04EC0-301F-11D3-BF4B-00C04F79EFBC}") = "Transactions.Application", "Transactions\Transactions.Application\Transactions.Application.csproj", "{5D616041-BE6B-4141-896E-1D11DAD6A771}"
EndProject
Global
	GlobalSection(SolutionConfigurationPlatforms) = preSolution
		Debug|Any CPU = Debug|Any CPU
		Release|Any CPU = Release|Any CPU
	EndGlobalSection
	GlobalSection(ProjectConfigurationPlatforms) = postSolution
		{8077EFFE-DB9A-40DB-A936-74FC6BF9E44C}.Debug|Any CPU.ActiveCfg = Debug|Any CPU
		{8077EFFE-DB9A-40DB-A936-74FC6BF9E44C}.Debug|Any CPU.Build.0 = Debug|Any CPU
		{8077EFFE-DB9A-40DB-A936-74FC6BF9E44C}.Release|Any CPU.ActiveCfg = Release|Any CPU
		{8077EFFE-DB9A-40DB-A936-74FC6BF9E44C}.Release|Any CPU.Build.0 = Release|Any CPU
		{6B42607A-453E-45A4-8C00-CB9823E1001B}.Debug|Any CPU.ActiveCfg = Debug|Any CPU
		{6B42607A-453E-45A4-8C00-CB9823E1001B}.Debug|Any CPU.Build.0 = Debug|Any CPU
		{6B42607A-453E-45A4-8C00-CB9823E1001B}.Release|Any CPU.ActiveCfg = Release|Any CPU
		{6B42607A-453E-45A4-8C00-CB9823E1001B}.Release|Any CPU.Build.0 = Release|Any CPU
		{4B4C5099-08B0-41CD-A9A4-3AD2969825B8}.Debug|Any CPU.ActiveCfg = Debug|Any CPU
		{4B4C5099-08B0-41CD-A9A4-3AD2969825B8}.Debug|Any CPU.Build.0 = Debug|Any CPU
		{4B4C5099-08B0-41CD-A9A4-3AD2969825B8}.Release|Any CPU.ActiveCfg = Release|Any CPU
		{4B4C5099-08B0-41CD-A9A4-3AD2969825B8}.Release|Any CPU.Build.0 = Release|Any CPU
		{CDA55051-0B7C-4610-BCD0-F67EBA1D6B50}.Debug|Any CPU.ActiveCfg = Debug|Any CPU
		{CDA55051-0B7C-4610-BCD0-F67EBA1D6B50}.Debug|Any CPU.Build.0 = Debug|Any CPU
		{CDA55051-0B7C-4610-BCD0-F67EBA1D6B50}.Release|Any CPU.ActiveCfg = Release|Any CPU
		{CDA55051-0B7C-4610-BCD0-F67EBA1D6B50}.Release|Any CPU.Build.0 = Release|Any CPU
		{3A2EE38A-B8CB-424C-BECA-CB93729F1702}.Debug|Any CPU.ActiveCfg = Debug|Any CPU
		{3A2EE38A-B8CB-424C-BECA-CB93729F1702}.Debug|Any CPU.Build.0 = Debug|Any CPU
		{3A2EE38A-B8CB-424C-BECA-CB93729F1702}.Release|Any CPU.ActiveCfg = Release|Any CPU
		{3A2EE38A-B8CB-424C-BECA-CB93729F1702}.Release|Any CPU.Build.0 = Release|Any CPU
		{2E46AB84-9E78-4357-BCFD-46CD9B34F2EB}.Debug|Any CPU.ActiveCfg = Debug|Any CPU
		{2E46AB84-9E78-4357-BCFD-46CD9B34F2EB}.Debug|Any CPU.Build.0 = Debug|Any CPU
		{2E46AB84-9E78-4357-BCFD-46CD9B34F2EB}.Release|Any CPU.ActiveCfg = Release|Any CPU
		{2E46AB84-9E78-4357-BCFD-46CD9B34F2EB}.Release|Any CPU.Build.0 = Release|Any CPU
		{A73C1967-2A5F-4445-8160-494B57EFAF10}.Debug|Any CPU.ActiveCfg = Debug|Any CPU
		{A73C1967-2A5F-4445-8160-494B57EFAF10}.Debug|Any CPU.Build.0 = Debug|Any CPU
		{A73C1967-2A5F-4445-8160-494B57EFAF10}.Release|Any CPU.ActiveCfg = Release|Any CPU
		{A73C1967-2A5F-4445-8160-494B57EFAF10}.Release|Any CPU.Build.0 = Release|Any CPU
		{75B791EC-1416-4E36-8624-442BC4210DFE}.Debug|Any CPU.ActiveCfg = Debug|Any CPU
		{75B791EC-1416-4E36-8624-442BC4210DFE}.Debug|Any CPU.Build.0 = Debug|Any CPU
		{75B791EC-1416-4E36-8624-442BC4210DFE}.Release|Any CPU.ActiveCfg = Release|Any CPU
		{75B791EC-1416-4E36-8624-442BC4210DFE}.Release|Any CPU.Build.0 = Release|Any CPU
		{1617E0AC-56FB-4F7E-9F3F-36ABE4C61181}.Debug|Any CPU.ActiveCfg = Debug|Any CPU
		{1617E0AC-56FB-4F7E-9F3F-36ABE4C61181}.Debug|Any CPU.Build.0 = Debug|Any CPU
		{1617E0AC-56FB-4F7E-9F3F-36ABE4C61181}.Release|Any CPU.ActiveCfg = Release|Any CPU
		{1617E0AC-56FB-4F7E-9F3F-36ABE4C61181}.Release|Any CPU.Build.0 = Release|Any CPU
		{E095277F-EA21-49B5-9B91-82F7837424BA}.Debug|Any CPU.ActiveCfg = Debug|Any CPU
		{E095277F-EA21-49B5-9B91-82F7837424BA}.Debug|Any CPU.Build.0 = Debug|Any CPU
		{E095277F-EA21-49B5-9B91-82F7837424BA}.Release|Any CPU.ActiveCfg = Release|Any CPU
		{E095277F-EA21-49B5-9B91-82F7837424BA}.Release|Any CPU.Build.0 = Release|Any CPU
		{62C9CB51-571C-452D-B348-C69C52B048DF}.Debug|Any CPU.ActiveCfg = Debug|Any CPU
		{62C9CB51-571C-452D-B348-C69C52B048DF}.Debug|Any CPU.Build.0 = Debug|Any CPU
		{62C9CB51-571C-452D-B348-C69C52B048DF}.Release|Any CPU.ActiveCfg = Release|Any CPU
		{62C9CB51-571C-452D-B348-C69C52B048DF}.Release|Any CPU.Build.0 = Release|Any CPU
		{F79B049F-8103-49DE-9715-C93106D00194}.Debug|Any CPU.ActiveCfg = Debug|Any CPU
		{F79B049F-8103-49DE-9715-C93106D00194}.Debug|Any CPU.Build.0 = Debug|Any CPU
		{F79B049F-8103-49DE-9715-C93106D00194}.Release|Any CPU.ActiveCfg = Release|Any CPU
		{F79B049F-8103-49DE-9715-C93106D00194}.Release|Any CPU.Build.0 = Release|Any CPU
		{EDFAFD85-4430-4B83-9EF4-76663387936C}.Debug|Any CPU.ActiveCfg = Debug|Any CPU
		{EDFAFD85-4430-4B83-9EF4-76663387936C}.Debug|Any CPU.Build.0 = Debug|Any CPU
		{EDFAFD85-4430-4B83-9EF4-76663387936C}.Release|Any CPU.ActiveCfg = Release|Any CPU
		{EDFAFD85-4430-4B83-9EF4-76663387936C}.Release|Any CPU.Build.0 = Release|Any CPU
		{0E14D0C8-95BF-4C49-8B8C-543684AA9D7E}.Debug|Any CPU.ActiveCfg = Debug|Any CPU
		{0E14D0C8-95BF-4C49-8B8C-543684AA9D7E}.Debug|Any CPU.Build.0 = Debug|Any CPU
		{0E14D0C8-95BF-4C49-8B8C-543684AA9D7E}.Release|Any CPU.ActiveCfg = Release|Any CPU
		{0E14D0C8-95BF-4C49-8B8C-543684AA9D7E}.Release|Any CPU.Build.0 = Release|Any CPU
		{A065CD1D-CE8A-424C-9EC5-359F4931A01D}.Debug|Any CPU.ActiveCfg = Debug|Any CPU
		{A065CD1D-CE8A-424C-9EC5-359F4931A01D}.Debug|Any CPU.Build.0 = Debug|Any CPU
		{A065CD1D-CE8A-424C-9EC5-359F4931A01D}.Release|Any CPU.ActiveCfg = Release|Any CPU
		{A065CD1D-CE8A-424C-9EC5-359F4931A01D}.Release|Any CPU.Build.0 = Release|Any CPU
		{83EAC5F6-0A2D-482F-B23D-49B374485705}.Debug|Any CPU.ActiveCfg = Debug|Any CPU
		{83EAC5F6-0A2D-482F-B23D-49B374485705}.Debug|Any CPU.Build.0 = Debug|Any CPU
		{83EAC5F6-0A2D-482F-B23D-49B374485705}.Release|Any CPU.ActiveCfg = Release|Any CPU
		{83EAC5F6-0A2D-482F-B23D-49B374485705}.Release|Any CPU.Build.0 = Release|Any CPU
		{8976543D-6296-46F7-AB07-789DD5BD7C28}.Debug|Any CPU.ActiveCfg = Debug|Any CPU
		{8976543D-6296-46F7-AB07-789DD5BD7C28}.Debug|Any CPU.Build.0 = Debug|Any CPU
		{8976543D-6296-46F7-AB07-789DD5BD7C28}.Release|Any CPU.ActiveCfg = Release|Any CPU
		{8976543D-6296-46F7-AB07-789DD5BD7C28}.Release|Any CPU.Build.0 = Release|Any CPU
		{B7CCF052-59A4-4B7F-848C-3E69BBB67953}.Debug|Any CPU.ActiveCfg = Debug|Any CPU
		{B7CCF052-59A4-4B7F-848C-3E69BBB67953}.Debug|Any CPU.Build.0 = Debug|Any CPU
		{B7CCF052-59A4-4B7F-848C-3E69BBB67953}.Release|Any CPU.ActiveCfg = Release|Any CPU
		{B7CCF052-59A4-4B7F-848C-3E69BBB67953}.Release|Any CPU.Build.0 = Release|Any CPU
		{E9A972B3-28CD-41EB-865B-CD7590C03455}.Debug|Any CPU.ActiveCfg = Debug|Any CPU
		{E9A972B3-28CD-41EB-865B-CD7590C03455}.Debug|Any CPU.Build.0 = Debug|Any CPU
		{E9A972B3-28CD-41EB-865B-CD7590C03455}.Release|Any CPU.ActiveCfg = Release|Any CPU
		{E9A972B3-28CD-41EB-865B-CD7590C03455}.Release|Any CPU.Build.0 = Release|Any CPU
		{042E59A6-9DBC-43A0-BEF2-09BFE31E7B1C}.Debug|Any CPU.ActiveCfg = Debug|Any CPU
		{042E59A6-9DBC-43A0-BEF2-09BFE31E7B1C}.Debug|Any CPU.Build.0 = Debug|Any CPU
		{042E59A6-9DBC-43A0-BEF2-09BFE31E7B1C}.Release|Any CPU.ActiveCfg = Release|Any CPU
		{042E59A6-9DBC-43A0-BEF2-09BFE31E7B1C}.Release|Any CPU.Build.0 = Release|Any CPU
		{9B3BA1A6-F80B-4DFE-AA17-F4A8E21FA3D5}.Debug|Any CPU.ActiveCfg = Debug|Any CPU
		{9B3BA1A6-F80B-4DFE-AA17-F4A8E21FA3D5}.Debug|Any CPU.Build.0 = Debug|Any CPU
		{9B3BA1A6-F80B-4DFE-AA17-F4A8E21FA3D5}.Release|Any CPU.ActiveCfg = Release|Any CPU
		{9B3BA1A6-F80B-4DFE-AA17-F4A8E21FA3D5}.Release|Any CPU.Build.0 = Release|Any CPU
		{FC353A93-05C1-4C6D-9E8E-855E4FC51794}.Debug|Any CPU.ActiveCfg = Debug|Any CPU
		{FC353A93-05C1-4C6D-9E8E-855E4FC51794}.Debug|Any CPU.Build.0 = Debug|Any CPU
		{FC353A93-05C1-4C6D-9E8E-855E4FC51794}.Release|Any CPU.ActiveCfg = Release|Any CPU
		{FC353A93-05C1-4C6D-9E8E-855E4FC51794}.Release|Any CPU.Build.0 = Release|Any CPU
		{67FDBB8B-2C24-40E9-B00E-D2AA52CBD2E0}.Debug|Any CPU.ActiveCfg = Debug|Any CPU
		{67FDBB8B-2C24-40E9-B00E-D2AA52CBD2E0}.Debug|Any CPU.Build.0 = Debug|Any CPU
		{67FDBB8B-2C24-40E9-B00E-D2AA52CBD2E0}.Release|Any CPU.ActiveCfg = Release|Any CPU
		{67FDBB8B-2C24-40E9-B00E-D2AA52CBD2E0}.Release|Any CPU.Build.0 = Release|Any CPU
		{F12FDC66-5F75-4328-B678-C56370E8A07B}.Debug|Any CPU.ActiveCfg = Debug|Any CPU
		{F12FDC66-5F75-4328-B678-C56370E8A07B}.Debug|Any CPU.Build.0 = Debug|Any CPU
		{F12FDC66-5F75-4328-B678-C56370E8A07B}.Release|Any CPU.ActiveCfg = Release|Any CPU
		{F12FDC66-5F75-4328-B678-C56370E8A07B}.Release|Any CPU.Build.0 = Release|Any CPU
		{771A06CE-6EA0-4D0E-879D-1B2241DE2802}.Debug|Any CPU.ActiveCfg = Debug|Any CPU
		{771A06CE-6EA0-4D0E-879D-1B2241DE2802}.Debug|Any CPU.Build.0 = Debug|Any CPU
		{771A06CE-6EA0-4D0E-879D-1B2241DE2802}.Release|Any CPU.ActiveCfg = Release|Any CPU
		{771A06CE-6EA0-4D0E-879D-1B2241DE2802}.Release|Any CPU.Build.0 = Release|Any CPU
		{924B2788-49F0-4B48-9254-A02D3666C59B}.Debug|Any CPU.ActiveCfg = Debug|Any CPU
		{924B2788-49F0-4B48-9254-A02D3666C59B}.Debug|Any CPU.Build.0 = Debug|Any CPU
		{924B2788-49F0-4B48-9254-A02D3666C59B}.Release|Any CPU.ActiveCfg = Release|Any CPU
		{924B2788-49F0-4B48-9254-A02D3666C59B}.Release|Any CPU.Build.0 = Release|Any CPU
		{E639DB0A-4285-4A2B-9696-27CF7DC27ADE}.Debug|Any CPU.ActiveCfg = Debug|Any CPU
		{E639DB0A-4285-4A2B-9696-27CF7DC27ADE}.Debug|Any CPU.Build.0 = Debug|Any CPU
		{E639DB0A-4285-4A2B-9696-27CF7DC27ADE}.Release|Any CPU.ActiveCfg = Release|Any CPU
		{E639DB0A-4285-4A2B-9696-27CF7DC27ADE}.Release|Any CPU.Build.0 = Release|Any CPU
		{0B516745-F04F-4CAB-9529-CAC32470DB52}.Debug|Any CPU.ActiveCfg = Debug|Any CPU
		{0B516745-F04F-4CAB-9529-CAC32470DB52}.Debug|Any CPU.Build.0 = Debug|Any CPU
		{0B516745-F04F-4CAB-9529-CAC32470DB52}.Release|Any CPU.ActiveCfg = Release|Any CPU
		{0B516745-F04F-4CAB-9529-CAC32470DB52}.Release|Any CPU.Build.0 = Release|Any CPU
		{7C3FCD7D-CF67-4E18-9EE7-9F677308B3E4}.Debug|Any CPU.ActiveCfg = Debug|Any CPU
		{7C3FCD7D-CF67-4E18-9EE7-9F677308B3E4}.Debug|Any CPU.Build.0 = Debug|Any CPU
		{7C3FCD7D-CF67-4E18-9EE7-9F677308B3E4}.Release|Any CPU.ActiveCfg = Release|Any CPU
		{7C3FCD7D-CF67-4E18-9EE7-9F677308B3E4}.Release|Any CPU.Build.0 = Release|Any CPU
		{071AC081-0FC0-42B8-AEC4-05622F05064E}.Debug|Any CPU.ActiveCfg = Debug|Any CPU
		{071AC081-0FC0-42B8-AEC4-05622F05064E}.Debug|Any CPU.Build.0 = Debug|Any CPU
		{071AC081-0FC0-42B8-AEC4-05622F05064E}.Release|Any CPU.ActiveCfg = Release|Any CPU
		{071AC081-0FC0-42B8-AEC4-05622F05064E}.Release|Any CPU.Build.0 = Release|Any CPU
		{3B8A382A-4897-4164-AAFC-0D559FBFB9BB}.Debug|Any CPU.ActiveCfg = Debug|Any CPU
		{3B8A382A-4897-4164-AAFC-0D559FBFB9BB}.Debug|Any CPU.Build.0 = Debug|Any CPU
		{3B8A382A-4897-4164-AAFC-0D559FBFB9BB}.Release|Any CPU.ActiveCfg = Release|Any CPU
		{3B8A382A-4897-4164-AAFC-0D559FBFB9BB}.Release|Any CPU.Build.0 = Release|Any CPU
		{94DDA736-641B-4BB9-9E44-E0FDB0E57C24}.Debug|Any CPU.ActiveCfg = Debug|Any CPU
		{94DDA736-641B-4BB9-9E44-E0FDB0E57C24}.Debug|Any CPU.Build.0 = Debug|Any CPU
		{94DDA736-641B-4BB9-9E44-E0FDB0E57C24}.Release|Any CPU.ActiveCfg = Release|Any CPU
		{94DDA736-641B-4BB9-9E44-E0FDB0E57C24}.Release|Any CPU.Build.0 = Release|Any CPU
		{E255F8B4-FAB2-4399-868D-CD27E4A63488}.Debug|Any CPU.ActiveCfg = Debug|Any CPU
		{E255F8B4-FAB2-4399-868D-CD27E4A63488}.Debug|Any CPU.Build.0 = Debug|Any CPU
		{E255F8B4-FAB2-4399-868D-CD27E4A63488}.Release|Any CPU.ActiveCfg = Release|Any CPU
		{E255F8B4-FAB2-4399-868D-CD27E4A63488}.Release|Any CPU.Build.0 = Release|Any CPU
		{6724BBA9-849D-45E8-BEE5-DE5933E8D849}.Debug|Any CPU.ActiveCfg = Debug|Any CPU
		{6724BBA9-849D-45E8-BEE5-DE5933E8D849}.Debug|Any CPU.Build.0 = Debug|Any CPU
		{6724BBA9-849D-45E8-BEE5-DE5933E8D849}.Release|Any CPU.ActiveCfg = Release|Any CPU
		{6724BBA9-849D-45E8-BEE5-DE5933E8D849}.Release|Any CPU.Build.0 = Release|Any CPU
		{3FABB6A6-56F5-4675-9201-8FC1B4A022B3}.Debug|Any CPU.ActiveCfg = Debug|Any CPU
		{3FABB6A6-56F5-4675-9201-8FC1B4A022B3}.Debug|Any CPU.Build.0 = Debug|Any CPU
		{3FABB6A6-56F5-4675-9201-8FC1B4A022B3}.Release|Any CPU.ActiveCfg = Release|Any CPU
		{3FABB6A6-56F5-4675-9201-8FC1B4A022B3}.Release|Any CPU.Build.0 = Release|Any CPU
		{F7A180CC-7F9A-4D9A-BFE3-B90AE7F15EEC}.Debug|Any CPU.ActiveCfg = Debug|Any CPU
		{F7A180CC-7F9A-4D9A-BFE3-B90AE7F15EEC}.Debug|Any CPU.Build.0 = Debug|Any CPU
		{F7A180CC-7F9A-4D9A-BFE3-B90AE7F15EEC}.Release|Any CPU.ActiveCfg = Release|Any CPU
		{F7A180CC-7F9A-4D9A-BFE3-B90AE7F15EEC}.Release|Any CPU.Build.0 = Release|Any CPU
		{DC4A0709-3660-496A-9861-28A38B14D46F}.Debug|Any CPU.ActiveCfg = Debug|Any CPU
		{DC4A0709-3660-496A-9861-28A38B14D46F}.Debug|Any CPU.Build.0 = Debug|Any CPU
		{DC4A0709-3660-496A-9861-28A38B14D46F}.Release|Any CPU.ActiveCfg = Release|Any CPU
		{DC4A0709-3660-496A-9861-28A38B14D46F}.Release|Any CPU.Build.0 = Release|Any CPU
		{F2ADAC78-0437-4F38-8DD1-B7F058540470}.Debug|Any CPU.ActiveCfg = Debug|Any CPU
		{F2ADAC78-0437-4F38-8DD1-B7F058540470}.Debug|Any CPU.Build.0 = Debug|Any CPU
		{F2ADAC78-0437-4F38-8DD1-B7F058540470}.Release|Any CPU.ActiveCfg = Release|Any CPU
		{F2ADAC78-0437-4F38-8DD1-B7F058540470}.Release|Any CPU.Build.0 = Release|Any CPU
		{C6B08E45-9FE0-4C43-88D3-F20DAB68517C}.Debug|Any CPU.ActiveCfg = Debug|Any CPU
		{C6B08E45-9FE0-4C43-88D3-F20DAB68517C}.Debug|Any CPU.Build.0 = Debug|Any CPU
		{C6B08E45-9FE0-4C43-88D3-F20DAB68517C}.Release|Any CPU.ActiveCfg = Release|Any CPU
		{C6B08E45-9FE0-4C43-88D3-F20DAB68517C}.Release|Any CPU.Build.0 = Release|Any CPU
		{73A19875-A502-46BC-9570-BDD80C381D6A}.Debug|Any CPU.ActiveCfg = Debug|Any CPU
		{73A19875-A502-46BC-9570-BDD80C381D6A}.Debug|Any CPU.Build.0 = Debug|Any CPU
		{73A19875-A502-46BC-9570-BDD80C381D6A}.Release|Any CPU.ActiveCfg = Release|Any CPU
		{73A19875-A502-46BC-9570-BDD80C381D6A}.Release|Any CPU.Build.0 = Release|Any CPU
		{4831E453-A59C-454A-ADCA-1BB3D011F122}.Debug|Any CPU.ActiveCfg = Debug|Any CPU
		{4831E453-A59C-454A-ADCA-1BB3D011F122}.Debug|Any CPU.Build.0 = Debug|Any CPU
		{4831E453-A59C-454A-ADCA-1BB3D011F122}.Release|Any CPU.ActiveCfg = Release|Any CPU
		{4831E453-A59C-454A-ADCA-1BB3D011F122}.Release|Any CPU.Build.0 = Release|Any CPU
		{EC530E45-DA62-4606-9FFE-7CBD88FF68CB}.Debug|Any CPU.ActiveCfg = Debug|Any CPU
		{EC530E45-DA62-4606-9FFE-7CBD88FF68CB}.Debug|Any CPU.Build.0 = Debug|Any CPU
		{EC530E45-DA62-4606-9FFE-7CBD88FF68CB}.Release|Any CPU.ActiveCfg = Release|Any CPU
		{EC530E45-DA62-4606-9FFE-7CBD88FF68CB}.Release|Any CPU.Build.0 = Release|Any CPU
		{5D616041-BE6B-4141-896E-1D11DAD6A771}.Debug|Any CPU.ActiveCfg = Debug|Any CPU
		{5D616041-BE6B-4141-896E-1D11DAD6A771}.Debug|Any CPU.Build.0 = Debug|Any CPU
		{5D616041-BE6B-4141-896E-1D11DAD6A771}.Release|Any CPU.ActiveCfg = Release|Any CPU
		{5D616041-BE6B-4141-896E-1D11DAD6A771}.Release|Any CPU.Build.0 = Release|Any CPU
	EndGlobalSection
	GlobalSection(SolutionProperties) = preSolution
		HideSolutionNode = FALSE
	EndGlobalSection
	GlobalSection(NestedProjects) = preSolution
		{8077EFFE-DB9A-40DB-A936-74FC6BF9E44C} = {0C752232-B87F-4F71-8C48-30B3D7A76863}
		{6B42607A-453E-45A4-8C00-CB9823E1001B} = {4CF39233-BEA0-4BFD-870D-698E5D3B248D}
		{4B4C5099-08B0-41CD-A9A4-3AD2969825B8} = {4CF39233-BEA0-4BFD-870D-698E5D3B248D}
		{CDA55051-0B7C-4610-BCD0-F67EBA1D6B50} = {4CF39233-BEA0-4BFD-870D-698E5D3B248D}
		{3A2EE38A-B8CB-424C-BECA-CB93729F1702} = {4CF39233-BEA0-4BFD-870D-698E5D3B248D}
		{2E46AB84-9E78-4357-BCFD-46CD9B34F2EB} = {4CF39233-BEA0-4BFD-870D-698E5D3B248D}
		{75B791EC-1416-4E36-8624-442BC4210DFE} = {31634BDD-17BE-4325-BC0A-1BA39EC60E7C}
		{1617E0AC-56FB-4F7E-9F3F-36ABE4C61181} = {31634BDD-17BE-4325-BC0A-1BA39EC60E7C}
		{E095277F-EA21-49B5-9B91-82F7837424BA} = {31634BDD-17BE-4325-BC0A-1BA39EC60E7C}
		{62C9CB51-571C-452D-B348-C69C52B048DF} = {31634BDD-17BE-4325-BC0A-1BA39EC60E7C}
		{F79B049F-8103-49DE-9715-C93106D00194} = {31634BDD-17BE-4325-BC0A-1BA39EC60E7C}
		{EDFAFD85-4430-4B83-9EF4-76663387936C} = {D27996B9-60C5-4DD3-9A43-9E9CE2234215}
		{0E14D0C8-95BF-4C49-8B8C-543684AA9D7E} = {D27996B9-60C5-4DD3-9A43-9E9CE2234215}
		{A065CD1D-CE8A-424C-9EC5-359F4931A01D} = {D27996B9-60C5-4DD3-9A43-9E9CE2234215}
		{83EAC5F6-0A2D-482F-B23D-49B374485705} = {D27996B9-60C5-4DD3-9A43-9E9CE2234215}
		{8976543D-6296-46F7-AB07-789DD5BD7C28} = {D27996B9-60C5-4DD3-9A43-9E9CE2234215}
		{B7CCF052-59A4-4B7F-848C-3E69BBB67953} = {22A0426C-231E-4D49-9A10-CD86D39816C0}
		{E9A972B3-28CD-41EB-865B-CD7590C03455} = {22A0426C-231E-4D49-9A10-CD86D39816C0}
		{042E59A6-9DBC-43A0-BEF2-09BFE31E7B1C} = {22A0426C-231E-4D49-9A10-CD86D39816C0}
		{9B3BA1A6-F80B-4DFE-AA17-F4A8E21FA3D5} = {22A0426C-231E-4D49-9A10-CD86D39816C0}
		{FC353A93-05C1-4C6D-9E8E-855E4FC51794} = {22A0426C-231E-4D49-9A10-CD86D39816C0}
		{67FDBB8B-2C24-40E9-B00E-D2AA52CBD2E0} = {EE152FF9-3040-42CF-969E-C65D2888ADA9}
		{F12FDC66-5F75-4328-B678-C56370E8A07B} = {EE152FF9-3040-42CF-969E-C65D2888ADA9}
		{771A06CE-6EA0-4D0E-879D-1B2241DE2802} = {EE152FF9-3040-42CF-969E-C65D2888ADA9}
		{924B2788-49F0-4B48-9254-A02D3666C59B} = {EE152FF9-3040-42CF-969E-C65D2888ADA9}
		{E639DB0A-4285-4A2B-9696-27CF7DC27ADE} = {EE152FF9-3040-42CF-969E-C65D2888ADA9}
		{0B516745-F04F-4CAB-9529-CAC32470DB52} = {C623E591-672E-4DC9-8D68-1E0E378BEEDD}
		{7C3FCD7D-CF67-4E18-9EE7-9F677308B3E4} = {C623E591-672E-4DC9-8D68-1E0E378BEEDD}
		{071AC081-0FC0-42B8-AEC4-05622F05064E} = {C623E591-672E-4DC9-8D68-1E0E378BEEDD}
		{3B8A382A-4897-4164-AAFC-0D559FBFB9BB} = {C623E591-672E-4DC9-8D68-1E0E378BEEDD}
		{94DDA736-641B-4BB9-9E44-E0FDB0E57C24} = {C623E591-672E-4DC9-8D68-1E0E378BEEDD}
		{E255F8B4-FAB2-4399-868D-CD27E4A63488} = {E5B4C457-9B89-4D16-A894-55691107F6D8}
		{6724BBA9-849D-45E8-BEE5-DE5933E8D849} = {E5B4C457-9B89-4D16-A894-55691107F6D8}
		{3FABB6A6-56F5-4675-9201-8FC1B4A022B3} = {E5B4C457-9B89-4D16-A894-55691107F6D8}
		{F7A180CC-7F9A-4D9A-BFE3-B90AE7F15EEC} = {E5B4C457-9B89-4D16-A894-55691107F6D8}
		{DC4A0709-3660-496A-9861-28A38B14D46F} = {E5B4C457-9B89-4D16-A894-55691107F6D8}
		{F2ADAC78-0437-4F38-8DD1-B7F058540470} = {05AAD25C-908F-41B9-B955-F11E5CCA4070}
		{C6B08E45-9FE0-4C43-88D3-F20DAB68517C} = {05AAD25C-908F-41B9-B955-F11E5CCA4070}
		{4831E453-A59C-454A-ADCA-1BB3D011F122} = {A3B05B33-35AC-48F6-B367-8B399929D22A}
		{EC530E45-DA62-4606-9FFE-7CBD88FF68CB} = {A3B05B33-35AC-48F6-B367-8B399929D22A}
		{5D616041-BE6B-4141-896E-1D11DAD6A771} = {A3B05B33-35AC-48F6-B367-8B399929D22A}
	EndGlobalSection
	GlobalSection(ExtensibilityGlobals) = postSolution
		SolutionGuid = {3DA88AD8-881E-404B-85F0-27D93DF9FE30}
	EndGlobalSection
EndGlobal
